PODS:
  - BOString (0.0.9)
  - Project1 (0.1.0):
    - BOString
  - Project2 (0.1.0):
    - BOString

DEPENDENCIES:
  - BOString
  - Project1 (from `./Project1`)
  - Project2 (from `./Project2`)

EXTERNAL SOURCES:
  Project1:
    :path: ./Project1
  Project2:
    :path: ./Project2

SPEC CHECKSUMS:
  BOString: c896f83b514996bbe874c0a3afd61f4c6764e0ed
  Project1: b96e152245d1fd2028b39523fcb0750d5eee629d
  Project2: 9ef19505a48e3061faedac357da3c85205085c02

COCOAPODS: 0.39.0
